
Microsoft Visual Studio Solution File, Format Version 12.00
# Visual Studio 15
VisualStudioVersion = 15.0.28307.421
MinimumVisualStudioVersion = 10.0.40219.1
Project("{9A19103F-16F7-4668-BE54-9A1E7A4F7556}") = "api20", "api20\api20.csproj", "{426AF796-F22C-4977-BE67-D6FA6D988FA1}"
EndProject
Global
	GlobalSection(SolutionConfigurationPlatforms) = preSolution
		Debug|Any CPU = Debug|Any CPU
		Release|Any CPU = Release|Any CPU
	EndGlobalSection
	GlobalSection(ProjectConfigurationPlatforms) = postSolution
		{426AF796-F22C-4977-BE67-D6FA6D988FA1}.Debug|Any CPU.ActiveCfg = Debug|Any CPU
		{426AF796-F22C-4977-BE67-D6FA6D988FA1}.Debug|Any CPU.Build.0 = Debug|Any CPU
		{426AF796-F22C-4977-BE67-D6FA6D988FA1}.Release|Any CPU.ActiveCfg = Release|Any CPU
		{426AF796-F22C-4977-BE67-D6FA6D988FA1}.Release|Any CPU.Build.0 = Release|Any CPU
	EndGlobalSection
	GlobalSection(SolutionProperties) = preSolution
		HideSolutionNode = FALSE
	EndGlobalSection
	GlobalSection(ExtensibilityGlobals) = postSolution
		SolutionGuid = {5E8B89AC-47D8-4536-AF22-E36E92A8206F}
	EndGlobalSection
EndGlobal
